<Solution>
  <Folder Name="/src/">
    <Project Path="src/Extrode.JauntyQ.Runtime/Extrode.JauntyQ.Runtime.csproj" />
    <Project Path="src/Extrode.JauntyQ.Schema/Extrode.JauntyQ.Schema.csproj" />
    <Project Path="src/Extrode.JauntyQ.SqlParser/Extrode.JauntyQ.SqlParser.csproj" />
    <Project Path="src/Extrode.JauntyQ.Analysis/Extrode.JauntyQ.Analysis.csproj" />
    <Project Path="src/Extrode.JauntyQ.Schema.Extraction/Extrode.JauntyQ.Schema.Extraction.csproj" />
    <Project Path="src/Extrode.JauntyQ.Generator/Extrode.JauntyQ.Generator.csproj" />
    <Project Path="src/Extrode.JauntyQ.Cli.Core/Extrode.JauntyQ.Cli.Core.csproj" />
    <Project Path="src/Extrode.JauntyQ.Cli/Extrode.JauntyQ.Cli.csproj" />
  </Folder>
  <Folder Name="/tests/">
    <Project Path="tests/Extrode.JauntyQ.SqlParser.Tests/Extrode.JauntyQ.SqlParser.Tests.csproj" />
    <Project Path="tests/Extrode.JauntyQ.Generator.Tests/Extrode.JauntyQ.Generator.Tests.csproj" />
    <Project Path="tests/Extrode.JauntyQ.Analysis.Tests/Extrode.JauntyQ.Analysis.Tests.csproj" />
    <Project Path="tests/Extrode.JauntyQ.Cli.Tests/Extrode.JauntyQ.Cli.Tests.csproj" />
    <Project Path="tests/Extrode.JauntyQ.Schema.Extraction.Tests/Extrode.JauntyQ.Schema.Extraction.Tests.csproj" />
  </Folder>
  <Folder Name="/tools/">
    <Project Path="tools/Extrode.JauntyQ.Fuzz/Extrode.JauntyQ.Fuzz.csproj" />
  </Folder>
  <Folder Name="/benchmarks/">
    <Project Path="benchmarks/Extrode.JauntyQ.Benchmarks/Extrode.JauntyQ.Benchmarks.csproj" />
  </Folder>
  <Folder Name="/samples/">
    <Project Path="samples/Extrode.JauntyQ.Postgres.Tests/Extrode.JauntyQ.Postgres.Tests.csproj" />
    <Project Path="samples/Extrode.JauntyQ.Sample/Extrode.JauntyQ.Sample.csproj" />
    <Project Path="samples/Extrode.JauntyQ.Aot.Smoke/Extrode.JauntyQ.Aot.Smoke.csproj" />
    <Project Path="samples/Extrode.JauntyQ.MySql.Tests/Extrode.JauntyQ.MySql.Tests.csproj" />
    <Project Path="samples/Extrode.JauntyQ.Northwind.Tests/Extrode.JauntyQ.Northwind.Tests.csproj" />
    <Project Path="samples/Extrode.JauntyQ.Sqlite.Tests/Extrode.JauntyQ.Sqlite.Tests.csproj" />
    <Project Path="samples/Extrode.JauntyQ.DdlSchema.Sqlite.Tests/Extrode.JauntyQ.DdlSchema.Sqlite.Tests.csproj" />
    <Project Path="samples/Extrode.JauntyQ.Sakila.Sqlite.Tests/Extrode.JauntyQ.Sakila.Sqlite.Tests.csproj" />
    <Project Path="samples/Extrode.JauntyQ.Sakila.Postgres.Tests/Extrode.JauntyQ.Sakila.Postgres.Tests.csproj" />
    <Project Path="samples/Extrode.JauntyQ.Sakila.MySql.Tests/Extrode.JauntyQ.Sakila.MySql.Tests.csproj" />
    <Project Path="samples/Extrode.JauntyQ.Sakila.MariaDb.Tests/Extrode.JauntyQ.Sakila.MariaDb.Tests.csproj" />
    <Project Path="samples/Extrode.JauntyQ.Sakila.SqlServer.Tests/Extrode.JauntyQ.Sakila.SqlServer.Tests.csproj" />
    <Project Path="samples/Extrode.JauntyQ.EShopOnWeb.Sqlite.Tests/Extrode.JauntyQ.EShopOnWeb.Sqlite.Tests.csproj" />
    <Project Path="samples/Extrode.JauntyQ.EShopOnWeb.Postgres.Tests/Extrode.JauntyQ.EShopOnWeb.Postgres.Tests.csproj" />
    <Project Path="samples/Extrode.JauntyQ.EShopOnWeb.MySql.Tests/Extrode.JauntyQ.EShopOnWeb.MySql.Tests.csproj" />
    <Project Path="samples/Extrode.JauntyQ.EShopOnWeb.MariaDb.Tests/Extrode.JauntyQ.EShopOnWeb.MariaDb.Tests.csproj" />
    <Project Path="samples/Extrode.JauntyQ.EShopOnWeb.SqlServer.Tests/Extrode.JauntyQ.EShopOnWeb.SqlServer.Tests.csproj" />
    <Project Path="samples/Extrode.JauntyQ.Conduit.Sqlite.Tests/Extrode.JauntyQ.Conduit.Sqlite.Tests.csproj" />
    <Project Path="samples/Extrode.JauntyQ.Conduit.Postgres.Tests/Extrode.JauntyQ.Conduit.Postgres.Tests.csproj" />
    <Project Path="samples/Extrode.JauntyQ.Conduit.MySql.Tests/Extrode.JauntyQ.Conduit.MySql.Tests.csproj" />
    <Project Path="samples/Extrode.JauntyQ.Conduit.MariaDb.Tests/Extrode.JauntyQ.Conduit.MariaDb.Tests.csproj" />
    <Project Path="samples/Extrode.JauntyQ.Conduit.SqlServer.Tests/Extrode.JauntyQ.Conduit.SqlServer.Tests.csproj" />
    <Project Path="samples/Extrode.JauntyQ.Conduit.Differential.Tests/Extrode.JauntyQ.Conduit.Differential.Tests.csproj" />
    <Project Path="samples/Extrode.JauntyQ.AdventureWorksLite.SqlServer.Tests/Extrode.JauntyQ.AdventureWorksLite.SqlServer.Tests.csproj" />
    <Project Path="samples/Extrode.JauntyQ.Chinook.Sqlite.Tests/Extrode.JauntyQ.Chinook.Sqlite.Tests.csproj" />
    <Project Path="samples/Extrode.JauntyQ.Pagila.Postgres.Tests/Extrode.JauntyQ.Pagila.Postgres.Tests.csproj" />
  </Folder>
</Solution>
